Microsoft Visual Studio Solution File, Format Version 8.00
Project("{8BC9CEB8-8B4A-11D0-8D11-00A0C91BC942}") = "vtd-xml", "vtd-xml.vcproj", "{AE1D3C5D-B19F-4855-8561-E8D488B3FB88}"
	ProjectSection(ProjectDependencies) = postProject
	EndProjectSection
EndProject
Global
	GlobalSection(SolutionConfiguration) = preSolution
		Debug = Debug
		Release = Release
	EndGlobalSection
	GlobalSection(ProjectConfiguration) = postSolution
		{AE1D3C5D-B19F-4855-8561-E8D488B3FB88}.Debug.ActiveCfg = Debug|Win32
		{AE1D3C5D-B19F-4855-8561-E8D488B3FB88}.Debug.Build.0 = Debug|Win32
		{AE1D3C5D-B19F-4855-8561-E8D488B3FB88}.Release.ActiveCfg = Release|Win32
		{AE1D3C5D-B19F-4855-8561-E8D488B3FB88}.Release.Build.0 = Release|Win32
	EndGlobalSection
	GlobalSection(ExtensibilityGlobals) = postSolution
	EndGlobalSection
	GlobalSection(ExtensibilityAddIns) = postSolution
	EndGlobalSection
EndGlobal
