
Microsoft Visual Studio Solution File, Format Version 10.00
# Visual C++ Express 2008
Project("{8BC9CEB8-8B4A-11D0-8D11-00A0C91BC942}") = "vtd-xml-win", "vtd-xml-win.vcproj", "{79B9E82A-A017-4655-992B-370AF1630312}"
EndProject
Project("{8BC9CEB8-8B4A-11D0-8D11-00A0C91BC942}") = "DOMTest", "..\DOMTest\DOMTest.vcproj", "{10809202-0E94-45DC-A0B5-F3DF208D4B5B}"
	ProjectSection(ProjectDependencies) = postProject
		{79B9E82A-A017-4655-992B-370AF1630312} = {79B9E82A-A017-4655-992B-370AF1630312}
	EndProjectSection
EndProject
Global
	GlobalSection(SolutionConfigurationPlatforms) = preSolution
		Debug|Win32 = Debug|Win32
		Release|Win32 = Release|Win32
	EndGlobalSection
	GlobalSection(ProjectConfigurationPlatforms) = postSolution
		{79B9E82A-A017-4655-992B-370AF1630312}.Debug|Win32.ActiveCfg = Debug|Win32
		{79B9E82A-A017-4655-992B-370AF1630312}.Debug|Win32.Build.0 = Debug|Win32
		{79B9E82A-A017-4655-992B-370AF1630312}.Release|Win32.ActiveCfg = Release|Win32
		{79B9E82A-A017-4655-992B-370AF1630312}.Release|Win32.Build.0 = Release|Win32
		{10809202-0E94-45DC-A0B5-F3DF208D4B5B}.Debug|Win32.ActiveCfg = Debug|Win32
		{10809202-0E94-45DC-A0B5-F3DF208D4B5B}.Debug|Win32.Build.0 = Debug|Win32
		{10809202-0E94-45DC-A0B5-F3DF208D4B5B}.Release|Win32.ActiveCfg = Release|Win32
		{10809202-0E94-45DC-A0B5-F3DF208D4B5B}.Release|Win32.Build.0 = Release|Win32
	EndGlobalSection
	GlobalSection(SolutionProperties) = preSolution
		HideSolutionNode = FALSE
	EndGlobalSection
EndGlobal
