
Microsoft Visual Studio Solution File, Format Version 9.00
# Visual Studio 2005
Project("{FAE04EC0-301F-11D3-BF4B-00C04F79EFBC}") = "VTD-XML-Huge", "VTD-XML-Huge\VTD-XML-Huge.csproj", "{AFBD4BDD-D2B4-4138-8244-42308B18D07B}"
EndProject
Global
	GlobalSection(SolutionConfigurationPlatforms) = preSolution
		Debug|Any CPU = Debug|Any CPU
		Release|Any CPU = Release|Any CPU
	EndGlobalSection
	GlobalSection(ProjectConfigurationPlatforms) = postSolution
		{AFBD4BDD-D2B4-4138-8244-42308B18D07B}.Debug|Any CPU.ActiveCfg = Debug|Any CPU
		{AFBD4BDD-D2B4-4138-8244-42308B18D07B}.Debug|Any CPU.Build.0 = Debug|Any CPU
		{AFBD4BDD-D2B4-4138-8244-42308B18D07B}.Release|Any CPU.ActiveCfg = Release|Any CPU
		{AFBD4BDD-D2B4-4138-8244-42308B18D07B}.Release|Any CPU.Build.0 = Release|Any CPU
	EndGlobalSection
	GlobalSection(SolutionProperties) = preSolution
		HideSolutionNode = FALSE
	EndGlobalSection
EndGlobal
