
Microsoft Visual Studio Solution File, Format Version 9.00
# Visual Studio 2005
Project("{FAE04EC0-301F-11D3-BF4B-00C04F79EFBC}") = "vtd-xml-HUGE", "vtd-xml-HUGE\vtd-xml-HUGE.csproj", "{4AF4559B-4E39-4BA0-9406-A5D735D967B7}"
EndProject
Global
	GlobalSection(SolutionConfigurationPlatforms) = preSolution
		Debug|Any CPU = Debug|Any CPU
		Release|Any CPU = Release|Any CPU
	EndGlobalSection
	GlobalSection(ProjectConfigurationPlatforms) = postSolution
		{4AF4559B-4E39-4BA0-9406-A5D735D967B7}.Debug|Any CPU.ActiveCfg = Debug|Any CPU
		{4AF4559B-4E39-4BA0-9406-A5D735D967B7}.Debug|Any CPU.Build.0 = Debug|Any CPU
		{4AF4559B-4E39-4BA0-9406-A5D735D967B7}.Release|Any CPU.ActiveCfg = Release|Any CPU
		{4AF4559B-4E39-4BA0-9406-A5D735D967B7}.Release|Any CPU.Build.0 = Release|Any CPU
	EndGlobalSection
	GlobalSection(SolutionProperties) = preSolution
		HideSolutionNode = FALSE
	EndGlobalSection
EndGlobal
