
Microsoft Visual Studio Solution File, Format Version 10.00
# Visual C++ Express 2008
Project("{8BC9CEB8-8B4A-11D0-8D11-00A0C91BC942}") = "vtd-xml", "vtd-xml\vtd-xml.vcproj", "{846877EA-B6ED-4A5E-B2A2-DB1F6145B491}"
EndProject
Global
	GlobalSection(SolutionConfigurationPlatforms) = preSolution
		Debug|Win32 = Debug|Win32
		Release|Win32 = Release|Win32
	EndGlobalSection
	GlobalSection(ProjectConfigurationPlatforms) = postSolution
		{846877EA-B6ED-4A5E-B2A2-DB1F6145B491}.Debug|Win32.ActiveCfg = Debug|Win32
		{846877EA-B6ED-4A5E-B2A2-DB1F6145B491}.Debug|Win32.Build.0 = Debug|Win32
		{846877EA-B6ED-4A5E-B2A2-DB1F6145B491}.Release|Win32.ActiveCfg = Release|Win32
		{846877EA-B6ED-4A5E-B2A2-DB1F6145B491}.Release|Win32.Build.0 = Release|Win32
	EndGlobalSection
	GlobalSection(SolutionProperties) = preSolution
		HideSolutionNode = FALSE
	EndGlobalSection
EndGlobal
